
Microsoft Visual Studio Solution File, Format Version 12.00
# Visual Studio Version 16
VisualStudioVersion = 16.0.29709.97
MinimumVisualStudioVersion = 10.0.40219.1
Project("{FAE04EC0-301F-11D3-BF4B-00C04F79EFBC}") = "MakViewModelBaseCore", "MakViewModelBaseCore\MakViewModelBaseCore.csproj", "{280080AD-640D-4BFE-96B8-A3F87C84854C}"
EndProject
Global
	GlobalSection(SolutionConfigurationPlatforms) = preSolution
		Debug|Any CPU = Debug|Any CPU
		Release|Any CPU = Release|Any CPU
	EndGlobalSection
	GlobalSection(ProjectConfigurationPlatforms) = postSolution
		{280080AD-640D-4BFE-96B8-A3F87C84854C}.Debug|Any CPU.ActiveCfg = Debug|Any CPU
		{280080AD-640D-4BFE-96B8-A3F87C84854C}.Debug|Any CPU.Build.0 = Debug|Any CPU
		{280080AD-640D-4BFE-96B8-A3F87C84854C}.Release|Any CPU.ActiveCfg = Release|Any CPU
		{280080AD-640D-4BFE-96B8-A3F87C84854C}.Release|Any CPU.Build.0 = Release|Any CPU
	EndGlobalSection
	GlobalSection(SolutionProperties) = preSolution
		HideSolutionNode = FALSE
	EndGlobalSection
	GlobalSection(ExtensibilityGlobals) = postSolution
		SolutionGuid = {81FA7EBB-7443-44C3-8A03-7BBEAB4D8078}
	EndGlobalSection
EndGlobal
