
Microsoft Visual Studio Solution File, Format Version 12.00
# Visual Studio Version 16
VisualStudioVersion = 16.0.29709.97
MinimumVisualStudioVersion = 10.0.40219.1
Project("{9A19103F-16F7-4668-BE54-9A1E7A4F7556}") = "MakViewModelBaseCore", "MakViewModelBaseCore\MakViewModelBaseCore.csproj", "{280080AD-640D-4BFE-96B8-A3F87C84854C}"
EndProject
Project("{9A19103F-16F7-4668-BE54-9A1E7A4F7556}") = "MakViewModelBaseCoreTest", "MakViewModelBaseCoreTest\MakViewModelBaseCoreTest.csproj", "{A488E08A-778D-43CA-BCC9-391E5F760778}"
EndProject
Project("{9A19103F-16F7-4668-BE54-9A1E7A4F7556}") = "ViewModelBaseTestApp", "ViewModelBaseTestApp\ViewModelBaseTestApp.csproj", "{3AA1B5CC-9B27-4312-8C96-56C38DE63702}"
EndProject
Project("{9A19103F-16F7-4668-BE54-9A1E7A4F7556}") = "WeakEventViewModelBaseTestApp", "WeakEventViewModelBaseTestApp\WeakEventViewModelBaseTestApp.csproj", "{D8B1C713-5B25-46A6-986C-53EF199A12B2}"
EndProject
Project("{9A19103F-16F7-4668-BE54-9A1E7A4F7556}") = "ValidationTestApp", "ValidationTestApp\ValidationTestApp.csproj", "{59B8980B-172E-4A50-A73D-85BAF18EEB96}"
EndProject
Project("{9A19103F-16F7-4668-BE54-9A1E7A4F7556}") = "TransitionTestApp", "TransitionTestApp\TransitionTestApp.csproj", "{E3051074-6935-4C93-908F-B46FAFAD2F01}"
EndProject
Project("{9A19103F-16F7-4668-BE54-9A1E7A4F7556}") = "MultiMonitorUtilTestApp", "MultiMonitorUtilTestApp\MultiMonitorUtilTestApp.csproj", "{4C0E98B5-684B-45EB-8D1B-3B2EFAF7B156}"
EndProject
Project("{FAE04EC0-301F-11D3-BF4B-00C04F79EFBC}") = "AppSettingsSample", "AppSettingsSample\AppSettingsSample.csproj", "{46FA437D-09C6-4046-81DF-3660FBBB9E61}"
EndProject
Global
	GlobalSection(SolutionConfigurationPlatforms) = preSolution
		Debug|Any CPU = Debug|Any CPU
		Release|Any CPU = Release|Any CPU
	EndGlobalSection
	GlobalSection(ProjectConfigurationPlatforms) = postSolution
		{280080AD-640D-4BFE-96B8-A3F87C84854C}.Debug|Any CPU.ActiveCfg = Debug|Any CPU
		{280080AD-640D-4BFE-96B8-A3F87C84854C}.Debug|Any CPU.Build.0 = Debug|Any CPU
		{280080AD-640D-4BFE-96B8-A3F87C84854C}.Release|Any CPU.ActiveCfg = Release|Any CPU
		{280080AD-640D-4BFE-96B8-A3F87C84854C}.Release|Any CPU.Build.0 = Release|Any CPU
		{A488E08A-778D-43CA-BCC9-391E5F760778}.Debug|Any CPU.ActiveCfg = Debug|Any CPU
		{A488E08A-778D-43CA-BCC9-391E5F760778}.Debug|Any CPU.Build.0 = Debug|Any CPU
		{A488E08A-778D-43CA-BCC9-391E5F760778}.Release|Any CPU.ActiveCfg = Release|Any CPU
		{A488E08A-778D-43CA-BCC9-391E5F760778}.Release|Any CPU.Build.0 = Release|Any CPU
		{3AA1B5CC-9B27-4312-8C96-56C38DE63702}.Debug|Any CPU.ActiveCfg = Debug|Any CPU
		{3AA1B5CC-9B27-4312-8C96-56C38DE63702}.Debug|Any CPU.Build.0 = Debug|Any CPU
		{3AA1B5CC-9B27-4312-8C96-56C38DE63702}.Release|Any CPU.ActiveCfg = Release|Any CPU
		{3AA1B5CC-9B27-4312-8C96-56C38DE63702}.Release|Any CPU.Build.0 = Release|Any CPU
		{D8B1C713-5B25-46A6-986C-53EF199A12B2}.Debug|Any CPU.ActiveCfg = Debug|Any CPU
		{D8B1C713-5B25-46A6-986C-53EF199A12B2}.Debug|Any CPU.Build.0 = Debug|Any CPU
		{D8B1C713-5B25-46A6-986C-53EF199A12B2}.Release|Any CPU.ActiveCfg = Release|Any CPU
		{D8B1C713-5B25-46A6-986C-53EF199A12B2}.Release|Any CPU.Build.0 = Release|Any CPU
		{59B8980B-172E-4A50-A73D-85BAF18EEB96}.Debug|Any CPU.ActiveCfg = Debug|Any CPU
		{59B8980B-172E-4A50-A73D-85BAF18EEB96}.Debug|Any CPU.Build.0 = Debug|Any CPU
		{59B8980B-172E-4A50-A73D-85BAF18EEB96}.Release|Any CPU.ActiveCfg = Release|Any CPU
		{59B8980B-172E-4A50-A73D-85BAF18EEB96}.Release|Any CPU.Build.0 = Release|Any CPU
		{E3051074-6935-4C93-908F-B46FAFAD2F01}.Debug|Any CPU.ActiveCfg = Debug|Any CPU
		{E3051074-6935-4C93-908F-B46FAFAD2F01}.Debug|Any CPU.Build.0 = Debug|Any CPU
		{E3051074-6935-4C93-908F-B46FAFAD2F01}.Release|Any CPU.ActiveCfg = Release|Any CPU
		{E3051074-6935-4C93-908F-B46FAFAD2F01}.Release|Any CPU.Build.0 = Release|Any CPU
		{4C0E98B5-684B-45EB-8D1B-3B2EFAF7B156}.Debug|Any CPU.ActiveCfg = Debug|Any CPU
		{4C0E98B5-684B-45EB-8D1B-3B2EFAF7B156}.Debug|Any CPU.Build.0 = Debug|Any CPU
		{4C0E98B5-684B-45EB-8D1B-3B2EFAF7B156}.Release|Any CPU.ActiveCfg = Release|Any CPU
		{4C0E98B5-684B-45EB-8D1B-3B2EFAF7B156}.Release|Any CPU.Build.0 = Release|Any CPU
		{46FA437D-09C6-4046-81DF-3660FBBB9E61}.Debug|Any CPU.ActiveCfg = Debug|Any CPU
		{46FA437D-09C6-4046-81DF-3660FBBB9E61}.Debug|Any CPU.Build.0 = Debug|Any CPU
		{46FA437D-09C6-4046-81DF-3660FBBB9E61}.Release|Any CPU.ActiveCfg = Release|Any CPU
		{46FA437D-09C6-4046-81DF-3660FBBB9E61}.Release|Any CPU.Build.0 = Release|Any CPU
	EndGlobalSection
	GlobalSection(SolutionProperties) = preSolution
		HideSolutionNode = FALSE
	EndGlobalSection
	GlobalSection(ExtensibilityGlobals) = postSolution
		SolutionGuid = {81FA7EBB-7443-44C3-8A03-7BBEAB4D8078}
	EndGlobalSection
EndGlobal
